
Microsoft Visual Studio Solution File, Format Version 12.00
# Visual Studio Version 17
VisualStudioVersion = 17.4.33205.214
MinimumVisualStudioVersion = 10.0.40219.1
Project("{8BC9CEB8-8B4A-11D0-8D11-00A0C91BC942}") = "Module_3", "Module_3.vcxproj", "{212A31D6-381A-4E73-A43F-F7592FEE6EE7}"
EndProject
Global
	GlobalSection(SolutionConfigurationPlatforms) = preSolution
		Debug|x64 = Debug|x64
		Debug|x86 = Debug|x86
		Release|x64 = Release|x64
		Release|x86 = Release|x86
	EndGlobalSection
	GlobalSection(ProjectConfigurationPlatforms) = postSolution
		{212A31D6-381A-4E73-A43F-F7592FEE6EE7}.Debug|x64.ActiveCfg = Debug|x64
		{212A31D6-381A-4E73-A43F-F7592FEE6EE7}.Debug|x64.Build.0 = Debug|x64
		{212A31D6-381A-4E73-A43F-F7592FEE6EE7}.Debug|x86.ActiveCfg = Debug|Win32
		{212A31D6-381A-4E73-A43F-F7592FEE6EE7}.Debug|x86.Build.0 = Debug|Win32
		{212A31D6-381A-4E73-A43F-F7592FEE6EE7}.Release|x64.ActiveCfg = Release|x64
		{212A31D6-381A-4E73-A43F-F7592FEE6EE7}.Release|x64.Build.0 = Release|x64
		{212A31D6-381A-4E73-A43F-F7592FEE6EE7}.Release|x86.ActiveCfg = Release|Win32
		{212A31D6-381A-4E73-A43F-F7592FEE6EE7}.Release|x86.Build.0 = Release|Win32
	EndGlobalSection
	GlobalSection(SolutionProperties) = preSolution
		HideSolutionNode = FALSE
	EndGlobalSection
	GlobalSection(ExtensibilityGlobals) = postSolution
		SolutionGuid = {14031F72-E6A1-4398-B324-4E40B198CC2C}
	EndGlobalSection
EndGlobal
